// !$*UTF8*$!
{
	archiveVersion = 1;
	classes = {
	};
	objectVersion = 46;
	objects = {

/* Begin PBXBuildFile section */
		25D9903E1B7C3FDE00CA4F33 /* AppDelegate.swift in Sources */ = {isa = PBXBuildFile; fileRef = 25D9903D1B7C3FDE00CA4F33 /* AppDelegate.swift */; };
		25D990401B7C3FDE00CA4F33 /* ViewController.swift in Sources */ = {isa = PBXBuildFile; fileRef = 25D9903F1B7C3FDE00CA4F33 /* ViewController.swift */; };
		25D990431B7C3FDE00CA4F33 /* Main.storyboard in Resources */ = {isa = PBXBuildFile; fileRef = 25D990411B7C3FDE00CA4F33 /* Main.storyboard */; };
		25D990451B7C3FDE00CA4F33 /* Images.xcassets in Resources */ = {isa = PBXBuildFile; fileRef = 25D990441B7C3FDE00CA4F33 /* Images.xcassets */; };
		25D990481B7C3FDE00CA4F33 /* LaunchScreen.xib in Resources */ = {isa = PBXBuildFile; fileRef = 25D990461B7C3FDE00CA4F33 /* LaunchScreen.xib */; };
		25D990541B7C3FDE00CA4F33 /* DailyRunTests.swift in Sources */ = {isa = PBXBuildFile; fileRef = 25D990531B7C3FDE00CA4F33 /* DailyRunTests.swift */; };
		25D9905E1B7C43A500CA4F33 /* MyNavigationController.swift in Sources */ = {isa = PBXBuildFile; fileRef = 25D9905D1B7C43A500CA4F33 /* MyNavigationController.swift */; };
		25D990701B7C473300CA4F33 /* JDDateCountdownFlipView.m in Sources */ = {isa = PBXBuildFile; fileRef = 25D990621B7C473300CA4F33 /* JDDateCountdownFlipView.m */; };
		25D990711B7C473300CA4F33 /* JDFlipClockView.m in Sources */ = {isa = PBXBuildFile; fileRef = 25D990641B7C473300CA4F33 /* JDFlipClockView.m */; };
		25D990721B7C473300CA4F33 /* JDFlipImageView.m in Sources */ = {isa = PBXBuildFile; fileRef = 25D990661B7C473300CA4F33 /* JDFlipImageView.m */; };
		25D990731B7C473300CA4F33 /* JDFlipNumberDigitView.m in Sources */ = {isa = PBXBuildFile; fileRef = 25D990681B7C473300CA4F33 /* JDFlipNumberDigitView.m */; };
		25D990741B7C473300CA4F33 /* JDFlipNumberView.bundle in Resources */ = {isa = PBXBuildFile; fileRef = 25D990691B7C473300CA4F33 /* JDFlipNumberView.bundle */; };
		25D990751B7C473300CA4F33 /* JDFlipNumberView.m in Sources */ = {isa = PBXBuildFile; fileRef = 25D9906B1B7C473300CA4F33 /* JDFlipNumberView.m */; };
		25D990761B7C473300CA4F33 /* JDFlipNumberViewImageFactory.m in Sources */ = {isa = PBXBuildFile; fileRef = 25D9906D1B7C473300CA4F33 /* JDFlipNumberViewImageFactory.m */; };
		25D990771B7C473300CA4F33 /* UIView+JDFlipImageView.m in Sources */ = {isa = PBXBuildFile; fileRef = 25D9906F1B7C473300CA4F33 /* UIView+JDFlipImageView.m */; };
		25D990851B7C6A3500CA4F33 /* libc++.dylib in Frameworks */ = {isa = PBXBuildFile; fileRef = 25D990841B7C6A3500CA4F33 /* libc++.dylib */; };
		25D990871B7C6A9900CA4F33 /* WeatherObject.swift in Sources */ = {isa = PBXBuildFile; fileRef = 25D990861B7C6A9900CA4F33 /* WeatherObject.swift */; };
		25DB09BC1B82E0D4004283F0 /* CountDownView.swift in Sources */ = {isa = PBXBuildFile; fileRef = 25DB09BB1B82E0D4004283F0 /* CountDownView.swift */; };
		25DB09C01B82FE4B004283F0 /* UICountingLabel.m in Sources */ = {isa = PBXBuildFile; fileRef = 25DB09BF1B82FE4B004283F0 /* UICountingLabel.m */; };
		25DB09C51B8315E9004283F0 /* UITextView+Placeholder.m in Sources */ = {isa = PBXBuildFile; fileRef = 25DB09C41B8315E9004283F0 /* UITextView+Placeholder.m */; };
		25DC7D451B857B9100C472A2 /* AqiReporter.swift in Sources */ = {isa = PBXBuildFile; fileRef = 25DC7D441B857B9100C472A2 /* AqiReporter.swift */; };
		25DC7D471B857F6C00C472A2 /* AqiObject.swift in Sources */ = {isa = PBXBuildFile; fileRef = 25DC7D461B857F6C00C472A2 /* AqiObject.swift */; };
		25DC7D4B1B85A6F000C472A2 /* WeatherReporter.swift in Sources */ = {isa = PBXBuildFile; fileRef = 25DC7D4A1B85A6F000C472A2 /* WeatherReporter.swift */; };
		25DC7D4D1B85A6FD00C472A2 /* UIColor+Hex.swift in Sources */ = {isa = PBXBuildFile; fileRef = 25DC7D4C1B85A6FD00C472A2 /* UIColor+Hex.swift */; };
		25DC7D511B85A72400C472A2 /* Common.swift in Sources */ = {isa = PBXBuildFile; fileRef = 25DC7D4E1B85A72400C472A2 /* Common.swift */; };
		25DC7D521B85A72400C472A2 /* MarsCoordinateConverter.swift in Sources */ = {isa = PBXBuildFile; fileRef = 25DC7D4F1B85A72400C472A2 /* MarsCoordinateConverter.swift */; };
		25DC7D531B85A72400C472A2 /* Urls.swift in Sources */ = {isa = PBXBuildFile; fileRef = 25DC7D501B85A72400C472A2 /* Urls.swift */; };
		2837453318D76CFB9D25847B /* Pods.framework in Frameworks */ = {isa = PBXBuildFile; fileRef = 5240A443DDAA6DE0AF43E815 /* Pods.framework */; settings = {ATTRIBUTES = (Weak, ); }; };
		4C08179D1B80655E0048E5A4 /* RunViewController.swift in Sources */ = {isa = PBXBuildFile; fileRef = 4C08179C1B80655E0048E5A4 /* RunViewController.swift */; };
		4C08179F1B80E42C0048E5A4 /* DetailViewController.swift in Sources */ = {isa = PBXBuildFile; fileRef = 4C08179E1B80E42C0048E5A4 /* DetailViewController.swift */; };
		4C6D159B1B7CE322006A6594 /* Info-iOS.plist in Resources */ = {isa = PBXBuildFile; fileRef = 4C6D15971B7CE322006A6594 /* Info-iOS.plist */; };
		4C6D159C1B7CE322006A6594 /* Info-OSX.plist in Resources */ = {isa = PBXBuildFile; fileRef = 4C6D15981B7CE322006A6594 /* Info-OSX.plist */; };
		4C6D159D1B7CE322006A6594 /* SwiftyJSON.swift in Sources */ = {isa = PBXBuildFile; fileRef = 4C6D159A1B7CE322006A6594 /* SwiftyJSON.swift */; };
		4C6D159F1B7CEA62006A6594 /* JSONKeys.swift in Sources */ = {isa = PBXBuildFile; fileRef = 4C6D159E1B7CEA62006A6594 /* JSONKeys.swift */; };
		4C7D8B5C1B820ED70025663C /* Locations.swift in Sources */ = {isa = PBXBuildFile; fileRef = 4C7D8B531B820ED70025663C /* Locations.swift */; };
		4C7D8B5D1B820ED70025663C /* MainViewController.swift in Sources */ = {isa = PBXBuildFile; fileRef = 4C7D8B541B820ED70025663C /* MainViewController.swift */; };
		4C7D8B5E1B820ED70025663C /* MenuViewController.swift in Sources */ = {isa = PBXBuildFile; fileRef = 4C7D8B551B820ED70025663C /* MenuViewController.swift */; };
		4C7D8B5F1B820ED70025663C /* NSDate+String.swift in Sources */ = {isa = PBXBuildFile; fileRef = 4C7D8B561B820ED70025663C /* NSDate+String.swift */; };
		4C7D8B601B820ED70025663C /* RecordsViewController.swift in Sources */ = {isa = PBXBuildFile; fileRef = 4C7D8B571B820ED70025663C /* RecordsViewController.swift */; };
		4C7D8B611B820ED70025663C /* RunData.swift in Sources */ = {isa = PBXBuildFile; fileRef = 4C7D8B581B820ED70025663C /* RunData.swift */; };
		4C7D8B621B820ED70025663C /* RunDataCell.swift in Sources */ = {isa = PBXBuildFile; fileRef = 4C7D8B591B820ED70025663C /* RunDataCell.swift */; };
		4C7D8B631B820ED70025663C /* RunDataManager.swift in Sources */ = {isa = PBXBuildFile; fileRef = 4C7D8B5A1B820ED70025663C /* RunDataManager.swift */; };
		4C7D8B641B820ED70025663C /* String+Time.swift in Sources */ = {isa = PBXBuildFile; fileRef = 4C7D8B5B1B820ED70025663C /* String+Time.swift */; };
		4C7D8B951B824C7D0025663C /* MenuCell.swift in Sources */ = {isa = PBXBuildFile; fileRef = 4C7D8B941B824C7D0025663C /* MenuCell.swift */; };
/* End PBXBuildFile section */

/* Begin PBXContainerItemProxy section */
		25D9904E1B7C3FDE00CA4F33 /* PBXContainerItemProxy */ = {
			isa = PBXContainerItemProxy;
			containerPortal = 25D990301B7C3FDE00CA4F33 /* Project object */;
			proxyType = 1;
			remoteGlobalIDString = 25D990371B7C3FDE00CA4F33;
			remoteInfo = DailyRun;
		};
/* End PBXContainerItemProxy section */

/* Begin PBXFileReference section */
		25D990381B7C3FDE00CA4F33 /* DailyRun.app */ = {isa = PBXFileReference; explicitFileType = wrapper.application; includeInIndex = 0; path = DailyRun.app; sourceTree = BUILT_PRODUCTS_DIR; };
		25D9903C1B7C3FDE00CA4F33 /* Info.plist */ = {isa = PBXFileReference; lastKnownFileType = text.plist.xml; path = Info.plist; sourceTree = "<group>"; };
		25D9903D1B7C3FDE00CA4F33 /* AppDelegate.swift */ = {isa = PBXFileReference; lastKnownFileType = sourcecode.swift; name = AppDelegate.swift; path = DailyRun/AppDelegate.swift; sourceTree = "<group>"; };
		25D9903F1B7C3FDE00CA4F33 /* ViewController.swift */ = {isa = PBXFileReference; lastKnownFileType = sourcecode.swift; name = ViewController.swift; path = DailyRun/ViewController.swift; sourceTree = "<group>"; };
		25D990421B7C3FDE00CA4F33 /* Base */ = {isa = PBXFileReference; lastKnownFileType = file.storyboard; name = Base; path = Base.lproj/Main.storyboard; sourceTree = "<group>"; };
		25D990441B7C3FDE00CA4F33 /* Images.xcassets */ = {isa = PBXFileReference; lastKnownFileType = folder.assetcatalog; path = Images.xcassets; sourceTree = "<group>"; };
		25D990471B7C3FDE00CA4F33 /* Base */ = {isa = PBXFileReference; lastKnownFileType = file.xib; name = Base; path = Base.lproj/LaunchScreen.xib; sourceTree = "<group>"; };
		25D9904D1B7C3FDE00CA4F33 /* DailyRunTests.xctest */ = {isa = PBXFileReference; explicitFileType = wrapper.cfbundle; includeInIndex = 0; path = DailyRunTests.xctest; sourceTree = BUILT_PRODUCTS_DIR; };
		25D990521B7C3FDE00CA4F33 /* Info.plist */ = {isa = PBXFileReference; lastKnownFileType = text.plist.xml; path = Info.plist; sourceTree = "<group>"; };
		25D990531B7C3FDE00CA4F33 /* DailyRunTests.swift */ = {isa = PBXFileReference; lastKnownFileType = sourcecode.swift; path = DailyRunTests.swift; sourceTree = "<group>"; };
		25D9905D1B7C43A500CA4F33 /* MyNavigationController.swift */ = {isa = PBXFileReference; fileEncoding = 4; lastKnownFileType = sourcecode.swift; name = MyNavigationController.swift; path = DailyRun/MyNavigationController.swift; sourceTree = "<group>"; };
		25D990611B7C473300CA4F33 /* JDDateCountdownFlipView.h */ = {isa = PBXFileReference; fileEncoding = 4; lastKnownFileType = sourcecode.c.h; path = JDDateCountdownFlipView.h; sourceTree = "<group>"; };
		25D990621B7C473300CA4F33 /* JDDateCountdownFlipView.m */ = {isa = PBXFileReference; fileEncoding = 4; lastKnownFileType = sourcecode.c.objc; path = JDDateCountdownFlipView.m; sourceTree = "<group>"; };
		25D990631B7C473300CA4F33 /* JDFlipClockView.h */ = {isa = PBXFileReference; fileEncoding = 4; lastKnownFileType = sourcecode.c.h; path = JDFlipClockView.h; sourceTree = "<group>"; };
		25D990641B7C473300CA4F33 /* JDFlipClockView.m */ = {isa = PBXFileReference; fileEncoding = 4; lastKnownFileType = sourcecode.c.objc; path = JDFlipClockView.m; sourceTree = "<group>"; };
		25D990651B7C473300CA4F33 /* JDFlipImageView.h */ = {isa = PBXFileReference; fileEncoding = 4; lastKnownFileType = sourcecode.c.h; path = JDFlipImageView.h; sourceTree = "<group>"; };
		25D990661B7C473300CA4F33 /* JDFlipImageView.m */ = {isa = PBXFileReference; fileEncoding = 4; lastKnownFileType = sourcecode.c.objc; path = JDFlipImageView.m; sourceTree = "<group>"; };
		25D990671B7C473300CA4F33 /* JDFlipNumberDigitView.h */ = {isa = PBXFileReference; fileEncoding = 4; lastKnownFileType = sourcecode.c.h; path = JDFlipNumberDigitView.h; sourceTree = "<group>"; };
		25D990681B7C473300CA4F33 /* JDFlipNumberDigitView.m */ = {isa = PBXFileReference; fileEncoding = 4; lastKnownFileType = sourcecode.c.objc; path = JDFlipNumberDigitView.m; sourceTree = "<group>"; };
		25D990691B7C473300CA4F33 /* JDFlipNumberView.bundle */ = {isa = PBXFileReference; lastKnownFileType = "wrapper.plug-in"; path = JDFlipNumberView.bundle; sourceTree = "<group>"; };
		25D9906A1B7C473300CA4F33 /* JDFlipNumberView.h */ = {isa = PBXFileReference; fileEncoding = 4; lastKnownFileType = sourcecode.c.h; path = JDFlipNumberView.h; sourceTree = "<group>"; };
		25D9906B1B7C473300CA4F33 /* JDFlipNumberView.m */ = {isa = PBXFileReference; fileEncoding = 4; lastKnownFileType = sourcecode.c.objc; path = JDFlipNumberView.m; sourceTree = "<group>"; };
		25D9906C1B7C473300CA4F33 /* JDFlipNumberViewImageFactory.h */ = {isa = PBXFileReference; fileEncoding = 4; lastKnownFileType = sourcecode.c.h; path = JDFlipNumberViewImageFactory.h; sourceTree = "<group>"; };
		25D9906D1B7C473300CA4F33 /* JDFlipNumberViewImageFactory.m */ = {isa = PBXFileReference; fileEncoding = 4; lastKnownFileType = sourcecode.c.objc; path = JDFlipNumberViewImageFactory.m; sourceTree = "<group>"; };
		25D9906E1B7C473300CA4F33 /* UIView+JDFlipImageView.h */ = {isa = PBXFileReference; fileEncoding = 4; lastKnownFileType = sourcecode.c.h; path = "UIView+JDFlipImageView.h"; sourceTree = "<group>"; };
		25D9906F1B7C473300CA4F33 /* UIView+JDFlipImageView.m */ = {isa = PBXFileReference; fileEncoding = 4; lastKnownFileType = sourcecode.c.objc; path = "UIView+JDFlipImageView.m"; sourceTree = "<group>"; };
		25D990781B7C475800CA4F33 /* DailyRun_Bridging_Header.h */ = {isa = PBXFileReference; lastKnownFileType = sourcecode.c.h; path = DailyRun_Bridging_Header.h; sourceTree = "<group>"; };
		25D990841B7C6A3500CA4F33 /* libc++.dylib */ = {isa = PBXFileReference; lastKnownFileType = "compiled.mach-o.dylib"; name = "libc++.dylib"; path = "usr/lib/libc++.dylib"; sourceTree = SDKROOT; };
		25D990861B7C6A9900CA4F33 /* WeatherObject.swift */ = {isa = PBXFileReference; fileEncoding = 4; lastKnownFileType = sourcecode.swift; path = WeatherObject.swift; sourceTree = "<group>"; };
		25DB09BB1B82E0D4004283F0 /* CountDownView.swift */ = {isa = PBXFileReference; fileEncoding = 4; lastKnownFileType = sourcecode.swift; name = CountDownView.swift; path = DailyRun/CountDownView.swift; sourceTree = "<group>"; };
		25DB09BE1B82FE4B004283F0 /* UICountingLabel.h */ = {isa = PBXFileReference; fileEncoding = 4; lastKnownFileType = sourcecode.c.h; path = UICountingLabel.h; sourceTree = "<group>"; };
		25DB09BF1B82FE4B004283F0 /* UICountingLabel.m */ = {isa = PBXFileReference; fileEncoding = 4; lastKnownFileType = sourcecode.c.objc; path = UICountingLabel.m; sourceTree = "<group>"; };
		25DB09C31B8315E1004283F0 /* UITextView+Placeholder.h */ = {isa = PBXFileReference; lastKnownFileType = sourcecode.c.h; name = "UITextView+Placeholder.h"; path = "DailyRun/UITextView+Placeholder.h"; sourceTree = "<group>"; };
		25DB09C41B8315E9004283F0 /* UITextView+Placeholder.m */ = {isa = PBXFileReference; fileEncoding = 4; lastKnownFileType = sourcecode.c.objc; name = "UITextView+Placeholder.m"; path = "DailyRun/UITextView+Placeholder.m"; sourceTree = "<group>"; };
		25DC7D441B857B9100C472A2 /* AqiReporter.swift */ = {isa = PBXFileReference; fileEncoding = 4; lastKnownFileType = sourcecode.swift; path = AqiReporter.swift; sourceTree = "<group>"; };
		25DC7D461B857F6C00C472A2 /* AqiObject.swift */ = {isa = PBXFileReference; fileEncoding = 4; lastKnownFileType = sourcecode.swift; path = AqiObject.swift; sourceTree = "<group>"; };
		25DC7D4A1B85A6F000C472A2 /* WeatherReporter.swift */ = {isa = PBXFileReference; fileEncoding = 4; lastKnownFileType = sourcecode.swift; path = WeatherReporter.swift; sourceTree = "<group>"; };
		25DC7D4C1B85A6FD00C472A2 /* UIColor+Hex.swift */ = {isa = PBXFileReference; fileEncoding = 4; lastKnownFileType = sourcecode.swift; name = "UIColor+Hex.swift"; path = "DailyRun/UIColor+Hex.swift"; sourceTree = "<group>"; };
		25DC7D4E1B85A72400C472A2 /* Common.swift */ = {isa = PBXFileReference; fileEncoding = 4; lastKnownFileType = sourcecode.swift; name = Common.swift; path = DailyRun/Common.swift; sourceTree = "<group>"; };
		25DC7D4F1B85A72400C472A2 /* MarsCoordinateConverter.swift */ = {isa = PBXFileReference; fileEncoding = 4; lastKnownFileType = sourcecode.swift; name = MarsCoordinateConverter.swift; path = DailyRun/MarsCoordinateConverter.swift; sourceTree = "<group>"; };
		25DC7D501B85A72400C472A2 /* Urls.swift */ = {isa = PBXFileReference; fileEncoding = 4; lastKnownFileType = sourcecode.swift; name = Urls.swift; path = DailyRun/Urls.swift; sourceTree = "<group>"; };
		4C08179C1B80655E0048E5A4 /* RunViewController.swift */ = {isa = PBXFileReference; fileEncoding = 4; lastKnownFileType = sourcecode.swift; name = RunViewController.swift; path = DailyRun/RunViewController.swift; sourceTree = "<group>"; };
		4C08179E1B80E42C0048E5A4 /* DetailViewController.swift */ = {isa = PBXFileReference; fileEncoding = 4; lastKnownFileType = sourcecode.swift; name = DetailViewController.swift; path = DailyRun/DetailViewController.swift; sourceTree = "<group>"; };
		4C6D15971B7CE322006A6594 /* Info-iOS.plist */ = {isa = PBXFileReference; fileEncoding = 4; lastKnownFileType = text.plist.xml; path = "Info-iOS.plist"; sourceTree = "<group>"; };
		4C6D15981B7CE322006A6594 /* Info-OSX.plist */ = {isa = PBXFileReference; fileEncoding = 4; lastKnownFileType = text.plist.xml; path = "Info-OSX.plist"; sourceTree = "<group>"; };
		4C6D15991B7CE322006A6594 /* SwiftyJSON.h */ = {isa = PBXFileReference; fileEncoding = 4; lastKnownFileType = sourcecode.c.h; path = SwiftyJSON.h; sourceTree = "<group>"; };
		4C6D159A1B7CE322006A6594 /* SwiftyJSON.swift */ = {isa = PBXFileReference; fileEncoding = 4; lastKnownFileType = sourcecode.swift; path = SwiftyJSON.swift; sourceTree = "<group>"; };
		4C6D159E1B7CEA62006A6594 /* JSONKeys.swift */ = {isa = PBXFileReference; fileEncoding = 4; lastKnownFileType = sourcecode.swift; name = JSONKeys.swift; path = DailyRun/JSONKeys.swift; sourceTree = "<group>"; };
		4C7D8B531B820ED70025663C /* Locations.swift */ = {isa = PBXFileReference; fileEncoding = 4; lastKnownFileType = sourcecode.swift; path = Locations.swift; sourceTree = "<group>"; };
		4C7D8B541B820ED70025663C /* MainViewController.swift */ = {isa = PBXFileReference; fileEncoding = 4; lastKnownFileType = sourcecode.swift; name = MainViewController.swift; path = DailyRun/MainViewController.swift; sourceTree = "<group>"; };
		4C7D8B551B820ED70025663C /* MenuViewController.swift */ = {isa = PBXFileReference; fileEncoding = 4; lastKnownFileType = sourcecode.swift; name = MenuViewController.swift; path = DailyRun/MenuViewController.swift; sourceTree = "<group>"; };
		4C7D8B561B820ED70025663C /* NSDate+String.swift */ = {isa = PBXFileReference; fileEncoding = 4; lastKnownFileType = sourcecode.swift; name = "NSDate+String.swift"; path = "DailyRun/NSDate+String.swift"; sourceTree = "<group>"; };
		4C7D8B571B820ED70025663C /* RecordsViewController.swift */ = {isa = PBXFileReference; fileEncoding = 4; lastKnownFileType = sourcecode.swift; name = RecordsViewController.swift; path = DailyRun/RecordsViewController.swift; sourceTree = "<group>"; };
		4C7D8B581B820ED70025663C /* RunData.swift */ = {isa = PBXFileReference; fileEncoding = 4; lastKnownFileType = sourcecode.swift; path = RunData.swift; sourceTree = "<group>"; };
		4C7D8B591B820ED70025663C /* RunDataCell.swift */ = {isa = PBXFileReference; fileEncoding = 4; lastKnownFileType = sourcecode.swift; name = RunDataCell.swift; path = DailyRun/RunDataCell.swift; sourceTree = "<group>"; };
		4C7D8B5A1B820ED70025663C /* RunDataManager.swift */ = {isa = PBXFileReference; fileEncoding = 4; lastKnownFileType = sourcecode.swift; path = RunDataManager.swift; sourceTree = "<group>"; };
		4C7D8B5B1B820ED70025663C /* String+Time.swift */ = {isa = PBXFileReference; fileEncoding = 4; lastKnownFileType = sourcecode.swift; name = "String+Time.swift"; path = "DailyRun/String+Time.swift"; sourceTree = "<group>"; };
		4C7D8B941B824C7D0025663C /* MenuCell.swift */ = {isa = PBXFileReference; fileEncoding = 4; lastKnownFileType = sourcecode.swift; name = MenuCell.swift; path = DailyRun/MenuCell.swift; sourceTree = "<group>"; };
		5240A443DDAA6DE0AF43E815 /* Pods.framework */ = {isa = PBXFileReference; explicitFileType = wrapper.framework; includeInIndex = 0; path = Pods.framework; sourceTree = BUILT_PRODUCTS_DIR; };
		938F5CC890BC018851830495 /* Pods.release.xcconfig */ = {isa = PBXFileReference; includeInIndex = 1; lastKnownFileType = text.xcconfig; name = Pods.release.xcconfig; path = "Pods/Target Support Files/Pods/Pods.release.xcconfig"; sourceTree = "<group>"; };
		9E054DEE4D4A0252D63F79BA /* Pods.debug.xcconfig */ = {isa = PBXFileReference; includeInIndex = 1; lastKnownFileType = text.xcconfig; name = Pods.debug.xcconfig; path = "Pods/Target Support Files/Pods/Pods.debug.xcconfig"; sourceTree = "<group>"; };
/* End PBXFileReference section */

/* Begin PBXFrameworksBuildPhase section */
		25D990351B7C3FDE00CA4F33 /* Frameworks */ = {
			isa = PBXFrameworksBuildPhase;
			buildActionMask = 2147483647;
			files = (
				25D990851B7C6A3500CA4F33 /* libc++.dylib in Frameworks */,
				2837453318D76CFB9D25847B /* Pods.framework in Frameworks */,
			);
			runOnlyForDeploymentPostprocessing = 0;
		};
		25D9904A1B7C3FDE00CA4F33 /* Frameworks */ = {
			isa = PBXFrameworksBuildPhase;
			buildActionMask = 2147483647;
			files = (
			);
			runOnlyForDeploymentPostprocessing = 0;
		};
/* End PBXFrameworksBuildPhase section */

/* Begin PBXGroup section */
		25D9902F1B7C3FDE00CA4F33 = {
			isa = PBXGroup;
			children = (
				25D9903A1B7C3FDE00CA4F33 /* DailyRun */,
				25D990501B7C3FDE00CA4F33 /* DailyRunTests */,
				25D990391B7C3FDE00CA4F33 /* Products */,
				8618E59DCD0BC80B721F47A2 /* Pods */,
				6C8746A11FEA7383136F5D16 /* Frameworks */,
			);
			sourceTree = "<group>";
		};
		25D990391B7C3FDE00CA4F33 /* Products */ = {
			isa = PBXGroup;
			children = (
				25D990381B7C3FDE00CA4F33 /* DailyRun.app */,
				25D9904D1B7C3FDE00CA4F33 /* DailyRunTests.xctest */,
			);
			name = Products;
			sourceTree = "<group>";
		};
		25D9903A1B7C3FDE00CA4F33 /* DailyRun */ = {
			isa = PBXGroup;
			children = (
				25D990841B7C6A3500CA4F33 /* libc++.dylib */,
				25D990411B7C3FDE00CA4F33 /* Main.storyboard */,
				25D990781B7C475800CA4F33 /* DailyRun_Bridging_Header.h */,
				25D990441B7C3FDE00CA4F33 /* Images.xcassets */,
				25D990461B7C3FDE00CA4F33 /* LaunchScreen.xib */,
				25DC830D1B842187007667D5 /* AppDelegate */,
				25D990881B7C6AB400CA4F33 /* Data */,
				25D9905F1B7C473300CA4F33 /* Vendor */,
				4C7D8B651B820F110025663C /* Extensions */,
				25DB09BA1B82E0BC004283F0 /* View */,
				25DC830B1B8420A5007667D5 /* Utils */,
				25DC830C1B8420CE007667D5 /* ViewController */,
				25D9903B1B7C3FDE00CA4F33 /* Supporting Files */,
			);
			path = DailyRun;
			sourceTree = "<group>";
		};
		25D9903B1B7C3FDE00CA4F33 /* Supporting Files */ = {
			isa = PBXGroup;
			children = (
				25D9903C1B7C3FDE00CA4F33 /* Info.plist */,
			);
			name = "Supporting Files";
			sourceTree = "<group>";
		};
		25D990501B7C3FDE00CA4F33 /* DailyRunTests */ = {
			isa = PBXGroup;
			children = (
				25D990531B7C3FDE00CA4F33 /* DailyRunTests.swift */,
				25D990511B7C3FDE00CA4F33 /* Supporting Files */,
			);
			path = DailyRunTests;
			sourceTree = "<group>";
		};
		25D990511B7C3FDE00CA4F33 /* Supporting Files */ = {
			isa = PBXGroup;
			children = (
				25D990521B7C3FDE00CA4F33 /* Info.plist */,
			);
			name = "Supporting Files";
			sourceTree = "<group>";
		};
		25D9905F1B7C473300CA4F33 /* Vendor */ = {
			isa = PBXGroup;
			children = (
				25DB09BD1B82FE4B004283F0 /* UICountingLabel */,
				4C6D15961B7CE322006A6594 /* SwiftyJson */,
				25D990601B7C473300CA4F33 /* JDFlipNumberView */,
			);
			path = Vendor;
			sourceTree = SOURCE_ROOT;
		};
		25D990601B7C473300CA4F33 /* JDFlipNumberView */ = {
			isa = PBXGroup;
			children = (
				25D990611B7C473300CA4F33 /* JDDateCountdownFlipView.h */,
				25D990621B7C473300CA4F33 /* JDDateCountdownFlipView.m */,
				25D990631B7C473300CA4F33 /* JDFlipClockView.h */,
				25D990641B7C473300CA4F33 /* JDFlipClockView.m */,
				25D990651B7C473300CA4F33 /* JDFlipImageView.h */,
				25D990661B7C473300CA4F33 /* JDFlipImageView.m */,
				25D990671B7C473300CA4F33 /* JDFlipNumberDigitView.h */,
				25D990681B7C473300CA4F33 /* JDFlipNumberDigitView.m */,
				25D990691B7C473300CA4F33 /* JDFlipNumberView.bundle */,
				25D9906A1B7C473300CA4F33 /* JDFlipNumberView.h */,
				25D9906B1B7C473300CA4F33 /* JDFlipNumberView.m */,
				25D9906C1B7C473300CA4F33 /* JDFlipNumberViewImageFactory.h */,
				25D9906D1B7C473300CA4F33 /* JDFlipNumberViewImageFactory.m */,
				25D9906E1B7C473300CA4F33 /* UIView+JDFlipImageView.h */,
				25D9906F1B7C473300CA4F33 /* UIView+JDFlipImageView.m */,
			);
			path = JDFlipNumberView;
			sourceTree = "<group>";
		};
		25D990881B7C6AB400CA4F33 /* Data */ = {
			isa = PBXGroup;
			children = (
				25DC7D4A1B85A6F000C472A2 /* WeatherReporter.swift */,
				25DC7D441B857B9100C472A2 /* AqiReporter.swift */,
				4C7D8B5A1B820ED70025663C /* RunDataManager.swift */,
				25D990861B7C6A9900CA4F33 /* WeatherObject.swift */,
				25DC7D461B857F6C00C472A2 /* AqiObject.swift */,
				4C7D8B531B820ED70025663C /* Locations.swift */,
				4C7D8B581B820ED70025663C /* RunData.swift */,
			);
			name = Data;
			sourceTree = "<group>";
		};
		25DB09BA1B82E0BC004283F0 /* View */ = {
			isa = PBXGroup;
			children = (
				4C7D8B941B824C7D0025663C /* MenuCell.swift */,
				4C7D8B591B820ED70025663C /* RunDataCell.swift */,
				25DB09BB1B82E0D4004283F0 /* CountDownView.swift */,
			);
			name = View;
			path = ..;
			sourceTree = "<group>";
		};
		25DB09BD1B82FE4B004283F0 /* UICountingLabel */ = {
			isa = PBXGroup;
			children = (
				25DB09BE1B82FE4B004283F0 /* UICountingLabel.h */,
				25DB09BF1B82FE4B004283F0 /* UICountingLabel.m */,
			);
			path = UICountingLabel;
			sourceTree = "<group>";
		};
		25DC830B1B8420A5007667D5 /* Utils */ = {
			isa = PBXGroup;
			children = (
				25DC7D4E1B85A72400C472A2 /* Common.swift */,
				25DC7D4F1B85A72400C472A2 /* MarsCoordinateConverter.swift */,
				25DC7D501B85A72400C472A2 /* Urls.swift */,
				4C6D159E1B7CEA62006A6594 /* JSONKeys.swift */,
			);
			name = Utils;
			path = ..;
			sourceTree = "<group>";
		};
		25DC830C1B8420CE007667D5 /* ViewController */ = {
			isa = PBXGroup;
			children = (
				25D9903F1B7C3FDE00CA4F33 /* ViewController.swift */,
				25D9905D1B7C43A500CA4F33 /* MyNavigationController.swift */,
				4C7D8B541B820ED70025663C /* MainViewController.swift */,
				4C7D8B551B820ED70025663C /* MenuViewController.swift */,
				4C7D8B571B820ED70025663C /* RecordsViewController.swift */,
				4C08179C1B80655E0048E5A4 /* RunViewController.swift */,
				4C08179E1B80E42C0048E5A4 /* DetailViewController.swift */,
			);
			name = ViewController;
			path = ..;
			sourceTree = "<group>";
		};
		25DC830D1B842187007667D5 /* AppDelegate */ = {
			isa = PBXGroup;
			children = (
				25D9903D1B7C3FDE00CA4F33 /* AppDelegate.swift */,
			);
			name = AppDelegate;
			path = ..;
			sourceTree = "<group>";
		};
		4C6D15961B7CE322006A6594 /* SwiftyJson */ = {
			isa = PBXGroup;
			children = (
				4C6D15971B7CE322006A6594 /* Info-iOS.plist */,
				4C6D15981B7CE322006A6594 /* Info-OSX.plist */,
				4C6D15991B7CE322006A6594 /* SwiftyJSON.h */,
				4C6D159A1B7CE322006A6594 /* SwiftyJSON.swift */,
			);
			path = SwiftyJson;
			sourceTree = "<group>";
		};
		4C7D8B651B820F110025663C /* Extensions */ = {
			isa = PBXGroup;
			children = (
				4C7D8B561B820ED70025663C /* NSDate+String.swift */,
				25DC7D4C1B85A6FD00C472A2 /* UIColor+Hex.swift */,
				4C7D8B5B1B820ED70025663C /* String+Time.swift */,
				25DB09C31B8315E1004283F0 /* UITextView+Placeholder.h */,
				25DB09C41B8315E9004283F0 /* UITextView+Placeholder.m */,
			);
			name = Extensions;
			path = ..;
			sourceTree = "<group>";
		};
		6C8746A11FEA7383136F5D16 /* Frameworks */ = {
			isa = PBXGroup;
			children = (
				5240A443DDAA6DE0AF43E815 /* Pods.framework */,
			);
			name = Frameworks;
			sourceTree = "<group>";
		};
		8618E59DCD0BC80B721F47A2 /* Pods */ = {
			isa = PBXGroup;
			children = (
				9E054DEE4D4A0252D63F79BA /* Pods.debug.xcconfig */,
				938F5CC890BC018851830495 /* Pods.release.xcconfig */,
			);
			name = Pods;
			sourceTree = "<group>";
		};
/* End PBXGroup section */

/* Begin PBXNativeTarget section */
		25D990371B7C3FDE00CA4F33 /* DailyRun */ = {
			isa = PBXNativeTarget;
			buildConfigurationList = 25D990571B7C3FDE00CA4F33 /* Build configuration list for PBXNativeTarget "DailyRun" */;
			buildPhases = (
				8BB7F0210C31FBA01B413F50 /* Check Pods Manifest.lock */,
				25D990341B7C3FDE00CA4F33 /* Sources */,
				25D990351B7C3FDE00CA4F33 /* Frameworks */,
				25D990361B7C3FDE00CA4F33 /* Resources */,
				B4B67086E9E8CAE63DDD9F5D /* Embed Pods Frameworks */,
				0F492382BD633BCFE027534F /* Copy Pods Resources */,
			);
			buildRules = (
			);
			dependencies = (
			);
			name = DailyRun;
			productName = DailyRun;
			productReference = 25D990381B7C3FDE00CA4F33 /* DailyRun.app */;
			productType = "com.apple.product-type.application";
		};
		25D9904C1B7C3FDE00CA4F33 /* DailyRunTests */ = {
			isa = PBXNativeTarget;
			buildConfigurationList = 25D9905A1B7C3FDE00CA4F33 /* Build configuration list for PBXNativeTarget "DailyRunTests" */;
			buildPhases = (
				25D990491B7C3FDE00CA4F33 /* Sources */,
				25D9904A1B7C3FDE00CA4F33 /* Frameworks */,
				25D9904B1B7C3FDE00CA4F33 /* Resources */,
			);
			buildRules = (
			);
			dependencies = (
				25D9904F1B7C3FDE00CA4F33 /* PBXTargetDependency */,
			);
			name = DailyRunTests;
			productName = DailyRunTests;
			productReference = 25D9904D1B7C3FDE00CA4F33 /* DailyRunTests.xctest */;
			productType = "com.apple.product-type.bundle.unit-test";
		};
/* End PBXNativeTarget section */

/* Begin PBXProject section */
		25D990301B7C3FDE00CA4F33 /* Project object */ = {
			isa = PBXProject;
			attributes = {
				LastUpgradeCheck = 0640;
				ORGANIZATIONNAME = randy;
				TargetAttributes = {
					25D990371B7C3FDE00CA4F33 = {
						CreatedOnToolsVersion = 6.4;
						DevelopmentTeam = HZ59NGURJ9;
						SystemCapabilities = {
							com.apple.BackgroundModes = {
								enabled = 1;
							};
						};
					};
					25D9904C1B7C3FDE00CA4F33 = {
						CreatedOnToolsVersion = 6.4;
						TestTargetID = 25D990371B7C3FDE00CA4F33;
					};
				};
			};
			buildConfigurationList = 25D990331B7C3FDE00CA4F33 /* Build configuration list for PBXProject "DailyRun" */;
			compatibilityVersion = "Xcode 3.2";
			developmentRegion = English;
			hasScannedForEncodings = 0;
			knownRegions = (
				en,
				Base,
			);
			mainGroup = 25D9902F1B7C3FDE00CA4F33;
			productRefGroup = 25D990391B7C3FDE00CA4F33 /* Products */;
			projectDirPath = "";
			projectRoot = "";
			targets = (
				25D990371B7C3FDE00CA4F33 /* DailyRun */,
				25D9904C1B7C3FDE00CA4F33 /* DailyRunTests */,
			);
		};
/* End PBXProject section */

/* Begin PBXResourcesBuildPhase section */
		25D990361B7C3FDE00CA4F33 /* Resources */ = {
			isa = PBXResourcesBuildPhase;
			buildActionMask = 2147483647;
			files = (
				25D990741B7C473300CA4F33 /* JDFlipNumberView.bundle in Resources */,
				25D990431B7C3FDE00CA4F33 /* Main.storyboard in Resources */,
				4C6D159B1B7CE322006A6594 /* Info-iOS.plist in Resources */,
				25D990481B7C3FDE00CA4F33 /* LaunchScreen.xib in Resources */,
				25D990451B7C3FDE00CA4F33 /* Images.xcassets in Resources */,
				4C6D159C1B7CE322006A6594 /* Info-OSX.plist in Resources */,
			);
			runOnlyForDeploymentPostprocessing = 0;
		};
		25D9904B1B7C3FDE00CA4F33 /* Resources */ = {
			isa = PBXResourcesBuildPhase;
			buildActionMask = 2147483647;
			files = (
			);
			runOnlyForDeploymentPostprocessing = 0;
		};
/* End PBXResourcesBuildPhase section */

/* Begin PBXShellScriptBuildPhase section */
		0F492382BD633BCFE027534F /* Copy Pods Resources */ = {
			isa = PBXShellScriptBuildPhase;
			buildActionMask = 2147483647;
			files = (
			);
			inputPaths = (
			);
			name = "Copy Pods Resources";
			outputPaths = (
			);
			runOnlyForDeploymentPostprocessing = 0;
			shellPath = /bin/sh;
			shellScript = "\"${SRCROOT}/Pods/Target Support Files/Pods/Pods-resources.sh\"\n";
			showEnvVarsInLog = 0;
		};
		8BB7F0210C31FBA01B413F50 /* Check Pods Manifest.lock */ = {
			isa = PBXShellScriptBuildPhase;
			buildActionMask = 2147483647;
			files = (
			);
			inputPaths = (
			);
			name = "Check Pods Manifest.lock";
			outputPaths = (
			);
			runOnlyForDeploymentPostprocessing = 0;
			shellPath = /bin/sh;
			shellScript = "diff \"${PODS_ROOT}/../Podfile.lock\" \"${PODS_ROOT}/Manifest.lock\" > /dev/null\nif [[ $? != 0 ]] ; then\n    cat << EOM\nerror: The sandbox is not in sync with the Podfile.lock. Run 'pod install' or update your CocoaPods installation.\nEOM\n    exit 1\nfi\n";
			showEnvVarsInLog = 0;
		};
		B4B67086E9E8CAE63DDD9F5D /* Embed Pods Frameworks */ = {
			isa = PBXShellScriptBuildPhase;
			buildActionMask = 2147483647;
			files = (
			);
			inputPaths = (
			);
			name = "Embed Pods Frameworks";
			outputPaths = (
			);
			runOnlyForDeploymentPostprocessing = 0;
			shellPath = /bin/sh;
			shellScript = "\"${SRCROOT}/Pods/Target Support Files/Pods/Pods-frameworks.sh\"\n";
			showEnvVarsInLog = 0;
		};
/* End PBXShellScriptBuildPhase section */

/* Begin PBXSourcesBuildPhase section */
		25D990341B7C3FDE00CA4F33 /* Sources */ = {
			isa = PBXSourcesBuildPhase;
			buildActionMask = 2147483647;
			files = (
				4C7D8B5C1B820ED70025663C /* Locations.swift in Sources */,
				25DB09C01B82FE4B004283F0 /* UICountingLabel.m in Sources */,
				4C7D8B601B820ED70025663C /* RecordsViewController.swift in Sources */,
				25DC7D4B1B85A6F000C472A2 /* WeatherReporter.swift in Sources */,
				25DC7D511B85A72400C472A2 /* Common.swift in Sources */,
				4C7D8B951B824C7D0025663C /* MenuCell.swift in Sources */,
				25D990771B7C473300CA4F33 /* UIView+JDFlipImageView.m in Sources */,
				4C7D8B621B820ED70025663C /* RunDataCell.swift in Sources */,
				25D990731B7C473300CA4F33 /* JDFlipNumberDigitView.m in Sources */,
				4C6D159D1B7CE322006A6594 /* SwiftyJSON.swift in Sources */,
				25D9905E1B7C43A500CA4F33 /* MyNavigationController.swift in Sources */,
				4C7D8B5D1B820ED70025663C /* MainViewController.swift in Sources */,
				25DC7D451B857B9100C472A2 /* AqiReporter.swift in Sources */,
				4C7D8B631B820ED70025663C /* RunDataManager.swift in Sources */,
				25DC7D471B857F6C00C472A2 /* AqiObject.swift in Sources */,
				25D990751B7C473300CA4F33 /* JDFlipNumberView.m in Sources */,
				4C7D8B611B820ED70025663C /* RunData.swift in Sources */,
				25DB09BC1B82E0D4004283F0 /* CountDownView.swift in Sources */,
				25D990871B7C6A9900CA4F33 /* WeatherObject.swift in Sources */,
				25DC7D531B85A72400C472A2 /* Urls.swift in Sources */,
				25DC7D4D1B85A6FD00C472A2 /* UIColor+Hex.swift in Sources */,
				4C08179F1B80E42C0048E5A4 /* DetailViewController.swift in Sources */,
				4C7D8B641B820ED70025663C /* String+Time.swift in Sources */,
				4C7D8B5E1B820ED70025663C /* MenuViewController.swift in Sources */,
				25D990711B7C473300CA4F33 /* JDFlipClockView.m in Sources */,
				4C7D8B5F1B820ED70025663C /* NSDate+String.swift in Sources */,
				25D990401B7C3FDE00CA4F33 /* ViewController.swift in Sources */,
				25D990721B7C473300CA4F33 /* JDFlipImageView.m in Sources */,
				25DC7D521B85A72400C472A2 /* MarsCoordinateConverter.swift in Sources */,
				25D9903E1B7C3FDE00CA4F33 /* AppDelegate.swift in Sources */,
				25D990701B7C473300CA4F33 /* JDDateCountdownFlipView.m in Sources */,
				25D990761B7C473300CA4F33 /* JDFlipNumberViewImageFactory.m in Sources */,
				25DB09C51B8315E9004283F0 /* UITextView+Placeholder.m in Sources */,
				4C6D159F1B7CEA62006A6594 /* JSONKeys.swift in Sources */,
				4C08179D1B80655E0048E5A4 /* RunViewController.swift in Sources */,
			);
			runOnlyForDeploymentPostprocessing = 0;
		};
		25D990491B7C3FDE00CA4F33 /* Sources */ = {
			isa = PBXSourcesBuildPhase;
			buildActionMask = 2147483647;
			files = (
				25D990541B7C3FDE00CA4F33 /* DailyRunTests.swift in Sources */,
			);
			runOnlyForDeploymentPostprocessing = 0;
		};
/* End PBXSourcesBuildPhase section */

/* Begin PBXTargetDependency section */
		25D9904F1B7C3FDE00CA4F33 /* PBXTargetDependency */ = {
			isa = PBXTargetDependency;
			target = 25D990371B7C3FDE00CA4F33 /* DailyRun */;
			targetProxy = 25D9904E1B7C3FDE00CA4F33 /* PBXContainerItemProxy */;
		};
/* End PBXTargetDependency section */

/* Begin PBXVariantGroup section */
		25D990411B7C3FDE00CA4F33 /* Main.storyboard */ = {
			isa = PBXVariantGroup;
			children = (
				25D990421B7C3FDE00CA4F33 /* Base */,
			);
			name = Main.storyboard;
			sourceTree = "<group>";
		};
		25D990461B7C3FDE00CA4F33 /* LaunchScreen.xib */ = {
			isa = PBXVariantGroup;
			children = (
				25D990471B7C3FDE00CA4F33 /* Base */,
			);
			name = LaunchScreen.xib;
			sourceTree = "<group>";
		};
/* End PBXVariantGroup section */

/* Begin XCBuildConfiguration section */
		25D990551B7C3FDE00CA4F33 /* Debug */ = {
			isa = XCBuildConfiguration;
			buildSettings = {
				ALWAYS_SEARCH_USER_PATHS = NO;
				CLANG_CXX_LANGUAGE_STANDARD = "gnu++0x";
				CLANG_CXX_LIBRARY = "libc++";
				CLANG_ENABLE_MODULES = YES;
				CLANG_ENABLE_OBJC_ARC = YES;
				CLANG_WARN_BOOL_CONVERSION = YES;
				CLANG_WARN_CONSTANT_CONVERSION = YES;
				CLANG_WARN_DIRECT_OBJC_ISA_USAGE = YES_ERROR;
				CLANG_WARN_EMPTY_BODY = YES;
				CLANG_WARN_ENUM_CONVERSION = YES;
				CLANG_WARN_INT_CONVERSION = YES;
				CLANG_WARN_OBJC_ROOT_CLASS = YES_ERROR;
				CLANG_WARN_UNREACHABLE_CODE = YES;
				CLANG_WARN__DUPLICATE_METHOD_MATCH = YES;
				"CODE_SIGN_IDENTITY[sdk=iphoneos*]" = "iPhone Developer";
				COPY_PHASE_STRIP = NO;
				DEBUG_INFORMATION_FORMAT = "dwarf-with-dsym";
				ENABLE_STRICT_OBJC_MSGSEND = YES;
				GCC_C_LANGUAGE_STANDARD = gnu99;
				GCC_DYNAMIC_NO_PIC = NO;
				GCC_NO_COMMON_BLOCKS = YES;
				GCC_OPTIMIZATION_LEVEL = 0;
				GCC_PREPROCESSOR_DEFINITIONS = (
					"DEBUG=1",
					"$(inherited)",
				);
				GCC_SYMBOLS_PRIVATE_EXTERN = NO;
				GCC_WARN_64_TO_32_BIT_CONVERSION = YES;
				GCC_WARN_ABOUT_RETURN_TYPE = YES_ERROR;
				GCC_WARN_UNDECLARED_SELECTOR = YES;
				GCC_WARN_UNINITIALIZED_AUTOS = YES_AGGRESSIVE;
				GCC_WARN_UNUSED_FUNCTION = YES;
				GCC_WARN_UNUSED_VARIABLE = YES;
				IPHONEOS_DEPLOYMENT_TARGET = 8.4;
				MTL_ENABLE_DEBUG_INFO = YES;
				ONLY_ACTIVE_ARCH = YES;
				SDKROOT = iphoneos;
				SWIFT_OPTIMIZATION_LEVEL = "-Onone";
			};
			name = Debug;
		};
		25D990561B7C3FDE00CA4F33 /* Release */ = {
			isa = XCBuildConfiguration;
			buildSettings = {
				ALWAYS_SEARCH_USER_PATHS = NO;
				CLANG_CXX_LANGUAGE_STANDARD = "gnu++0x";
				CLANG_CXX_LIBRARY = "libc++";
				CLANG_ENABLE_MODULES = YES;
				CLANG_ENABLE_OBJC_ARC = YES;
				CLANG_WARN_BOOL_CONVERSION = YES;
				CLANG_WARN_CONSTANT_CONVERSION = YES;
				CLANG_WARN_DIRECT_OBJC_ISA_USAGE = YES_ERROR;
				CLANG_WARN_EMPTY_BODY = YES;
				CLANG_WARN_ENUM_CONVERSION = YES;
				CLANG_WARN_INT_CONVERSION = YES;
				CLANG_WARN_OBJC_ROOT_CLASS = YES_ERROR;
				CLANG_WARN_UNREACHABLE_CODE = YES;
				CLANG_WARN__DUPLICATE_METHOD_MATCH = YES;
				"CODE_SIGN_IDENTITY[sdk=iphoneos*]" = "iPhone Developer";
				COPY_PHASE_STRIP = NO;
				DEBUG_INFORMATION_FORMAT = "dwarf-with-dsym";
				ENABLE_NS_ASSERTIONS = NO;
				ENABLE_STRICT_OBJC_MSGSEND = YES;
				GCC_C_LANGUAGE_STANDARD = gnu99;
				GCC_NO_COMMON_BLOCKS = YES;
				GCC_WARN_64_TO_32_BIT_CONVERSION = YES;
				GCC_WARN_ABOUT_RETURN_TYPE = YES_ERROR;
				GCC_WARN_UNDECLARED_SELECTOR = YES;
				GCC_WARN_UNINITIALIZED_AUTOS = YES_AGGRESSIVE;
				GCC_WARN_UNUSED_FUNCTION = YES;
				GCC_WARN_UNUSED_VARIABLE = YES;
				IPHONEOS_DEPLOYMENT_TARGET = 8.4;
				MTL_ENABLE_DEBUG_INFO = NO;
				SDKROOT = iphoneos;
				VALIDATE_PRODUCT = YES;
			};
			name = Release;
		};
		25D990581B7C3FDE00CA4F33 /* Debug */ = {
			isa = XCBuildConfiguration;
			baseConfigurationReference = 9E054DEE4D4A0252D63F79BA /* Pods.debug.xcconfig */;
			buildSettings = {
				ASSETCATALOG_COMPILER_APPICON_NAME = AppIcon;
				CODE_SIGN_IDENTITY = "iPhone Developer";
				FRAMEWORK_SEARCH_PATHS = (
					"$(inherited)",
					"$(PROJECT_DIR)/DailyRun",
				);
				INFOPLIST_FILE = DailyRun/Info.plist;
				IPHONEOS_DEPLOYMENT_TARGET = 8.0;
				LD_RUNPATH_SEARCH_PATHS = "$(inherited) @executable_path/Frameworks";
				PRODUCT_NAME = "$(TARGET_NAME)";
				SWIFT_OBJC_BRIDGING_HEADER = "$(PROJECT_DIR)/DailyRun/DailyRun_Bridging_Header.h";
			};
			name = Debug;
		};
		25D990591B7C3FDE00CA4F33 /* Release */ = {
			isa = XCBuildConfiguration;
			baseConfigurationReference = 938F5CC890BC018851830495 /* Pods.release.xcconfig */;
			buildSettings = {
				ASSETCATALOG_COMPILER_APPICON_NAME = AppIcon;
				CODE_SIGN_IDENTITY = "iPhone Developer";
				FRAMEWORK_SEARCH_PATHS = (
					"$(inherited)",
					"$(PROJECT_DIR)/DailyRun",
				);
				INFOPLIST_FILE = DailyRun/Info.plist;
				IPHONEOS_DEPLOYMENT_TARGET = 8.0;
				LD_RUNPATH_SEARCH_PATHS = "$(inherited) @executable_path/Frameworks";
				PRODUCT_NAME = "$(TARGET_NAME)";
				SWIFT_OBJC_BRIDGING_HEADER = "$(PROJECT_DIR)/DailyRun/DailyRun_Bridging_Header.h";
			};
			name = Release;
		};
		25D9905B1B7C3FDE00CA4F33 /* Debug */ = {
			isa = XCBuildConfiguration;
			buildSettings = {
				BUNDLE_LOADER = "$(TEST_HOST)";
				CODE_SIGN_IDENTITY = "iPhone Developer: LIU YI (DG82AVEA5T)";
				FRAMEWORK_SEARCH_PATHS = (
					"$(SDKROOT)/Developer/Library/Frameworks",
					"$(inherited)",
				);
				GCC_PREPROCESSOR_DEFINITIONS = (
					"DEBUG=1",
					"$(inherited)",
				);
				INFOPLIST_FILE = DailyRunTests/Info.plist;
				LD_RUNPATH_SEARCH_PATHS = "$(inherited) @executable_path/Frameworks @loader_path/Frameworks";
				PRODUCT_NAME = "$(TARGET_NAME)";
				TEST_HOST = "$(BUILT_PRODUCTS_DIR)/DailyRun.app/DailyRun";
			};
			name = Debug;
		};
		25D9905C1B7C3FDE00CA4F33 /* Release */ = {
			isa = XCBuildConfiguration;
			buildSettings = {
				BUNDLE_LOADER = "$(TEST_HOST)";
				CODE_SIGN_IDENTITY = "iPhone Developer: LIU YI (DG82AVEA5T)";
				FRAMEWORK_SEARCH_PATHS = (
					"$(SDKROOT)/Developer/Library/Frameworks",
					"$(inherited)",
				);
				INFOPLIST_FILE = DailyRunTests/Info.plist;
				LD_RUNPATH_SEARCH_PATHS = "$(inherited) @executable_path/Frameworks @loader_path/Frameworks";
				PRODUCT_NAME = "$(TARGET_NAME)";
				TEST_HOST = "$(BUILT_PRODUCTS_DIR)/DailyRun.app/DailyRun";
			};
			name = Release;
		};
/* End XCBuildConfiguration section */

/* Begin XCConfigurationList section */
		25D990331B7C3FDE00CA4F33 /* Build configuration list for PBXProject "DailyRun" */ = {
			isa = XCConfigurationList;
			buildConfigurations = (
				25D990551B7C3FDE00CA4F33 /* Debug */,
				25D990561B7C3FDE00CA4F33 /* Release */,
			);
			defaultConfigurationIsVisible = 0;
			defaultConfigurationName = Release;
		};
		25D990571B7C3FDE00CA4F33 /* Build configuration list for PBXNativeTarget "DailyRun" */ = {
			isa = XCConfigurationList;
			buildConfigurations = (
				25D990581B7C3FDE00CA4F33 /* Debug */,
				25D990591B7C3FDE00CA4F33 /* Release */,
			);
			defaultConfigurationIsVisible = 0;
			defaultConfigurationName = Release;
		};
		25D9905A1B7C3FDE00CA4F33 /* Build configuration list for PBXNativeTarget "DailyRunTests" */ = {
			isa = XCConfigurationList;
			buildConfigurations = (
				25D9905B1B7C3FDE00CA4F33 /* Debug */,
				25D9905C1B7C3FDE00CA4F33 /* Release */,
			);
			defaultConfigurationIsVisible = 0;
			defaultConfigurationName = Release;
		};
/* End XCConfigurationList section */
	};
	rootObject = 25D990301B7C3FDE00CA4F33 /* Project object */;
}
